
Microsoft Visual Studio Solution File, Format Version 12.00
# Visual Studio 15
Project("{FAE04EC0-301F-11D3-BF4B-00C04F79EFBC}") = "UnityEngine.TestRunner", "UnityEngine.TestRunner.csproj", "{C4D1AAA5-D8CF-F076-E6D2-69A6BA712C77}"
EndProject
Project("{FAE04EC0-301F-11D3-BF4B-00C04F79EFBC}") = "Unity.TextMeshPro", "Unity.TextMeshPro.csproj", "{F7124CA0-20FB-DE5B-FB57-AE7B819E94FA}"
EndProject
Project("{FAE04EC0-301F-11D3-BF4B-00C04F79EFBC}") = "Unity.Timeline", "Unity.Timeline.csproj", "{A136269B-E265-617C-2434-7D054F366417}"
EndProject
Project("{FAE04EC0-301F-11D3-BF4B-00C04F79EFBC}") = "Assembly-CSharp", "Assembly-CSharp.csproj", "{ED56C855-D943-D2F6-4EA7-C70C6632D619}"
EndProject
Project("{FAE04EC0-301F-11D3-BF4B-00C04F79EFBC}") = "Unity.TextMeshPro.Editor", "Unity.TextMeshPro.Editor.csproj", "{264CA97C-DCB4-6B7D-06F4-87FBA0ABBA70}"
EndProject
Project("{FAE04EC0-301F-11D3-BF4B-00C04F79EFBC}") = "Unity.Timeline.Editor", "Unity.Timeline.Editor.csproj", "{33A9C8A6-B063-3F69-C899-1B2ED7996812}"
EndProject
Project("{FAE04EC0-301F-11D3-BF4B-00C04F79EFBC}") = "UnityEditor.TestRunner", "UnityEditor.TestRunner.csproj", "{22931934-286D-9510-3F0B-0B699B29B29D}"
EndProject
Project("{FAE04EC0-301F-11D3-BF4B-00C04F79EFBC}") = "Unity.Rider.Editor", "Unity.Rider.Editor.csproj", "{1B30E082-D42D-2794-8CB9-BD341F82EF87}"
EndProject
Project("{FAE04EC0-301F-11D3-BF4B-00C04F79EFBC}") = "Unity.CollabProxy.Editor", "Unity.CollabProxy.Editor.csproj", "{26D1A700-A648-9F04-260A-45685E19ABB7}"
EndProject
Project("{FAE04EC0-301F-11D3-BF4B-00C04F79EFBC}") = "Unity.VSCode.Editor", "Unity.VSCode.Editor.csproj", "{648BB36D-1DCC-9444-5553-ACEDD9B97B59}"
EndProject
Global
	GlobalSection(SolutionConfigurationPlatforms) = preSolution
		Debug|Any CPU = Debug|Any CPU
		Release|Any CPU = Release|Any CPU
	EndGlobalSection
	GlobalSection(ProjectConfigurationPlatforms) = postSolution
		{C4D1AAA5-D8CF-F076-E6D2-69A6BA712C77}.Debug|Any CPU.ActiveCfg = Debug|Any CPU
		{C4D1AAA5-D8CF-F076-E6D2-69A6BA712C77}.Debug|Any CPU.Build.0 = Debug|Any CPU
		{C4D1AAA5-D8CF-F076-E6D2-69A6BA712C77}.Release|Any CPU.ActiveCfg = Release|Any CPU
		{C4D1AAA5-D8CF-F076-E6D2-69A6BA712C77}.Release|Any CPU.Build.0 = Release|Any CPU
		{F7124CA0-20FB-DE5B-FB57-AE7B819E94FA}.Debug|Any CPU.ActiveCfg = Debug|Any CPU
		{F7124CA0-20FB-DE5B-FB57-AE7B819E94FA}.Debug|Any CPU.Build.0 = Debug|Any CPU
		{F7124CA0-20FB-DE5B-FB57-AE7B819E94FA}.Release|Any CPU.ActiveCfg = Release|Any CPU
		{F7124CA0-20FB-DE5B-FB57-AE7B819E94FA}.Release|Any CPU.Build.0 = Release|Any CPU
		{A136269B-E265-617C-2434-7D054F366417}.Debug|Any CPU.ActiveCfg = Debug|Any CPU
		{A136269B-E265-617C-2434-7D054F366417}.Debug|Any CPU.Build.0 = Debug|Any CPU
		{A136269B-E265-617C-2434-7D054F366417}.Release|Any CPU.ActiveCfg = Release|Any CPU
		{A136269B-E265-617C-2434-7D054F366417}.Release|Any CPU.Build.0 = Release|Any CPU
		{ED56C855-D943-D2F6-4EA7-C70C6632D619}.Debug|Any CPU.ActiveCfg = Debug|Any CPU
		{ED56C855-D943-D2F6-4EA7-C70C6632D619}.Debug|Any CPU.Build.0 = Debug|Any CPU
		{ED56C855-D943-D2F6-4EA7-C70C6632D619}.Release|Any CPU.ActiveCfg = Release|Any CPU
		{ED56C855-D943-D2F6-4EA7-C70C6632D619}.Release|Any CPU.Build.0 = Release|Any CPU
		{264CA97C-DCB4-6B7D-06F4-87FBA0ABBA70}.Debug|Any CPU.ActiveCfg = Debug|Any CPU
		{264CA97C-DCB4-6B7D-06F4-87FBA0ABBA70}.Debug|Any CPU.Build.0 = Debug|Any CPU
		{264CA97C-DCB4-6B7D-06F4-87FBA0ABBA70}.Release|Any CPU.ActiveCfg = Release|Any CPU
		{264CA97C-DCB4-6B7D-06F4-87FBA0ABBA70}.Release|Any CPU.Build.0 = Release|Any CPU
		{33A9C8A6-B063-3F69-C899-1B2ED7996812}.Debug|Any CPU.ActiveCfg = Debug|Any CPU
		{33A9C8A6-B063-3F69-C899-1B2ED7996812}.Debug|Any CPU.Build.0 = Debug|Any CPU
		{33A9C8A6-B063-3F69-C899-1B2ED7996812}.Release|Any CPU.ActiveCfg = Release|Any CPU
		{33A9C8A6-B063-3F69-C899-1B2ED7996812}.Release|Any CPU.Build.0 = Release|Any CPU
		{22931934-286D-9510-3F0B-0B699B29B29D}.Debug|Any CPU.ActiveCfg = Debug|Any CPU
		{22931934-286D-9510-3F0B-0B699B29B29D}.Debug|Any CPU.Build.0 = Debug|Any CPU
		{22931934-286D-9510-3F0B-0B699B29B29D}.Release|Any CPU.ActiveCfg = Release|Any CPU
		{22931934-286D-9510-3F0B-0B699B29B29D}.Release|Any CPU.Build.0 = Release|Any CPU
		{1B30E082-D42D-2794-8CB9-BD341F82EF87}.Debug|Any CPU.ActiveCfg = Debug|Any CPU
		{1B30E082-D42D-2794-8CB9-BD341F82EF87}.Debug|Any CPU.Build.0 = Debug|Any CPU
		{1B30E082-D42D-2794-8CB9-BD341F82EF87}.Release|Any CPU.ActiveCfg = Release|Any CPU
		{1B30E082-D42D-2794-8CB9-BD341F82EF87}.Release|Any CPU.Build.0 = Release|Any CPU
		{26D1A700-A648-9F04-260A-45685E19ABB7}.Debug|Any CPU.ActiveCfg = Debug|Any CPU
		{26D1A700-A648-9F04-260A-45685E19ABB7}.Debug|Any CPU.Build.0 = Debug|Any CPU
		{26D1A700-A648-9F04-260A-45685E19ABB7}.Release|Any CPU.ActiveCfg = Release|Any CPU
		{26D1A700-A648-9F04-260A-45685E19ABB7}.Release|Any CPU.Build.0 = Release|Any CPU
		{648BB36D-1DCC-9444-5553-ACEDD9B97B59}.Debug|Any CPU.ActiveCfg = Debug|Any CPU
		{648BB36D-1DCC-9444-5553-ACEDD9B97B59}.Debug|Any CPU.Build.0 = Debug|Any CPU
		{648BB36D-1DCC-9444-5553-ACEDD9B97B59}.Release|Any CPU.ActiveCfg = Release|Any CPU
		{648BB36D-1DCC-9444-5553-ACEDD9B97B59}.Release|Any CPU.Build.0 = Release|Any CPU
	EndGlobalSection
	GlobalSection(SolutionProperties) = preSolution
		HideSolutionNode = FALSE
	EndGlobalSection
EndGlobal
